
Microsoft Visual Studio Solution File, Format Version 12.00
# Visual Studio Version 17
VisualStudioVersion = 17.3.32929.385
MinimumVisualStudioVersion = 10.0.40219.1
Project("{9A19103F-16F7-4668-BE54-9A1E7A4F7556}") = "BlogLab.Web", "BlogLab.Web\BlogLab.Web.csproj", "{AF1C20B7-3A6C-4C4C-A0A7-5BAF790608C9}"
EndProject
Project("{FAE04EC0-301F-11D3-BF4B-00C04F79EFBC}") = "BlogLab.Models", "BlogLab.Models\BlogLab.Models.csproj", "{10652B94-F65C-48A7-A7AA-D2F3838257AB}"
EndProject
Project("{FAE04EC0-301F-11D3-BF4B-00C04F79EFBC}") = "BlogLab.Repository", "BlogLab.Repository\BlogLab.Repository.csproj", "{F45C521E-E4A6-4D40-85C5-FC4302863DE3}"
EndProject
Global
	GlobalSection(SolutionConfigurationPlatforms) = preSolution
		Debug|Any CPU = Debug|Any CPU
		Release|Any CPU = Release|Any CPU
	EndGlobalSection
	GlobalSection(ProjectConfigurationPlatforms) = postSolution
		{AF1C20B7-3A6C-4C4C-A0A7-5BAF790608C9}.Debug|Any CPU.ActiveCfg = Debug|Any CPU
		{AF1C20B7-3A6C-4C4C-A0A7-5BAF790608C9}.Debug|Any CPU.Build.0 = Debug|Any CPU
		{AF1C20B7-3A6C-4C4C-A0A7-5BAF790608C9}.Release|Any CPU.ActiveCfg = Release|Any CPU
		{AF1C20B7-3A6C-4C4C-A0A7-5BAF790608C9}.Release|Any CPU.Build.0 = Release|Any CPU
		{10652B94-F65C-48A7-A7AA-D2F3838257AB}.Debug|Any CPU.ActiveCfg = Debug|Any CPU
		{10652B94-F65C-48A7-A7AA-D2F3838257AB}.Debug|Any CPU.Build.0 = Debug|Any CPU
		{10652B94-F65C-48A7-A7AA-D2F3838257AB}.Release|Any CPU.ActiveCfg = Release|Any CPU
		{10652B94-F65C-48A7-A7AA-D2F3838257AB}.Release|Any CPU.Build.0 = Release|Any CPU
		{F45C521E-E4A6-4D40-85C5-FC4302863DE3}.Debug|Any CPU.ActiveCfg = Debug|Any CPU
		{F45C521E-E4A6-4D40-85C5-FC4302863DE3}.Debug|Any CPU.Build.0 = Debug|Any CPU
		{F45C521E-E4A6-4D40-85C5-FC4302863DE3}.Release|Any CPU.ActiveCfg = Release|Any CPU
		{F45C521E-E4A6-4D40-85C5-FC4302863DE3}.Release|Any CPU.Build.0 = Release|Any CPU
	EndGlobalSection
	GlobalSection(SolutionProperties) = preSolution
		HideSolutionNode = FALSE
	EndGlobalSection
	GlobalSection(ExtensibilityGlobals) = postSolution
		SolutionGuid = {CDE2BF08-84B4-4C41-8A39-56F00FC993D7}
	EndGlobalSection
EndGlobal
